
Microsoft Visual Studio Solution File, Format Version 12.00
# Visual Studio Version 16
VisualStudioVersion = 16.0.30011.22
MinimumVisualStudioVersion = 10.0.40219.1
Project("{FAE04EC0-301F-11D3-BF4B-00C04F79EFBC}") = "CBasic", "CBasic\CBasic.csproj", "{433BB842-0C50-47F7-94C9-4F1034CC00F9}"
EndProject
Global
	GlobalSection(SolutionConfigurationPlatforms) = preSolution
		Debug|Any CPU = Debug|Any CPU
		Release|Any CPU = Release|Any CPU
	EndGlobalSection
	GlobalSection(ProjectConfigurationPlatforms) = postSolution
		{433BB842-0C50-47F7-94C9-4F1034CC00F9}.Debug|Any CPU.ActiveCfg = Debug|Any CPU
		{433BB842-0C50-47F7-94C9-4F1034CC00F9}.Debug|Any CPU.Build.0 = Debug|Any CPU
		{433BB842-0C50-47F7-94C9-4F1034CC00F9}.Release|Any CPU.ActiveCfg = Release|Any CPU
		{433BB842-0C50-47F7-94C9-4F1034CC00F9}.Release|Any CPU.Build.0 = Release|Any CPU
	EndGlobalSection
	GlobalSection(SolutionProperties) = preSolution
		HideSolutionNode = FALSE
	EndGlobalSection
	GlobalSection(ExtensibilityGlobals) = postSolution
		SolutionGuid = {F0F5BBA7-3F25-4DBE-B09F-96065DACF86D}
	EndGlobalSection
EndGlobal
